
Microsoft Visual Studio Solution File, Format Version 12.00
# Visual Studio 15
VisualStudioVersion = 15.0.28307.106
MinimumVisualStudioVersion = 10.0.40219.1
Project("{FAE04EC0-301F-11D3-BF4B-00C04F79EFBC}") = "Introduction", "Introduction\Introduction.csproj", "{33E98F98-3264-459E-BA88-E5BD72E358E3}"
EndProject
Global
	GlobalSection(SolutionConfigurationPlatforms) = preSolution
		Debug|Any CPU = Debug|Any CPU
		Release|Any CPU = Release|Any CPU
	EndGlobalSection
	GlobalSection(ProjectConfigurationPlatforms) = postSolution
		{33E98F98-3264-459E-BA88-E5BD72E358E3}.Debug|Any CPU.ActiveCfg = Debug|Any CPU
		{33E98F98-3264-459E-BA88-E5BD72E358E3}.Debug|Any CPU.Build.0 = Debug|Any CPU
		{33E98F98-3264-459E-BA88-E5BD72E358E3}.Release|Any CPU.ActiveCfg = Release|Any CPU
		{33E98F98-3264-459E-BA88-E5BD72E358E3}.Release|Any CPU.Build.0 = Release|Any CPU
	EndGlobalSection
	GlobalSection(SolutionProperties) = preSolution
		HideSolutionNode = FALSE
	EndGlobalSection
	GlobalSection(ExtensibilityGlobals) = postSolution
		SolutionGuid = {E5A2668D-A084-486F-AB38-225048F440F3}
	EndGlobalSection
EndGlobal
