
Microsoft Visual Studio Solution File, Format Version 12.00
# Visual Studio 15
VisualStudioVersion = 15.0.28307.106
MinimumVisualStudioVersion = 10.0.40219.1
Project("{9A19103F-16F7-4668-BE54-9A1E7A4F7556}") = "Introduction", "Introduction\Introduction.csproj", "{33E98F98-3264-459E-BA88-E5BD72E358E3}"
EndProject
Project("{9A19103F-16F7-4668-BE54-9A1E7A4F7556}") = "Module2", "Module2\Module2.csproj", "{81CD9BA7-0468-4FA7-BAD3-A28B8FAB1DC7}"
EndProject
Project("{9A19103F-16F7-4668-BE54-9A1E7A4F7556}") = "Module2.Tests", "Module2.Tests\Module2.Tests.csproj", "{1A1A4B3A-1D80-4B07-B704-39DFF814E310}"
EndProject
Project("{9A19103F-16F7-4668-BE54-9A1E7A4F7556}") = "Module3", "Module3\Module3.csproj", "{71CD9BA7-0468-4FA7-BAD3-A28B8FAB1DC7}"
EndProject
Project("{9A19103F-16F7-4668-BE54-9A1E7A4F7556}") = "Module4", "Module4\Module4.csproj", "{4BCA54AA-BD36-4F2E-88BC-DE3A4736E097}"
EndProject
Project("{9A19103F-16F7-4668-BE54-9A1E7A4F7556}") = "Module4.Client.Console", "Module4.Console\Module4.Client.Console.csproj", "{D80341A3-DB9F-4FB0-8F6D-178C11EFAE8D}"
EndProject
Project("{9A19103F-16F7-4668-BE54-9A1E7A4F7556}") = "Module4.Client.HtmlJs", "Module4.Client.HtmlJs\Module4.Client.HtmlJs.csproj", "{F69FB10D-0FE2-475A-8AE1-13818D2ED4C6}"
EndProject
Project("{FAE04EC0-301F-11D3-BF4B-00C04F79EFBC}") = "Module4.Tests", "Module4.Tests\Module4.Tests.csproj", "{7CC43FF9-3ADB-4705-882B-A0E1C11B5A85}"
EndProject
Global
	GlobalSection(SolutionConfigurationPlatforms) = preSolution
		Debug|Any CPU = Debug|Any CPU
		Release|Any CPU = Release|Any CPU
	EndGlobalSection
	GlobalSection(ProjectConfigurationPlatforms) = postSolution
		{33E98F98-3264-459E-BA88-E5BD72E358E3}.Debug|Any CPU.ActiveCfg = Debug|Any CPU
		{33E98F98-3264-459E-BA88-E5BD72E358E3}.Debug|Any CPU.Build.0 = Debug|Any CPU
		{33E98F98-3264-459E-BA88-E5BD72E358E3}.Release|Any CPU.ActiveCfg = Release|Any CPU
		{33E98F98-3264-459E-BA88-E5BD72E358E3}.Release|Any CPU.Build.0 = Release|Any CPU
		{81CD9BA7-0468-4FA7-BAD3-A28B8FAB1DC7}.Debug|Any CPU.ActiveCfg = Debug|Any CPU
		{81CD9BA7-0468-4FA7-BAD3-A28B8FAB1DC7}.Debug|Any CPU.Build.0 = Debug|Any CPU
		{81CD9BA7-0468-4FA7-BAD3-A28B8FAB1DC7}.Release|Any CPU.ActiveCfg = Release|Any CPU
		{81CD9BA7-0468-4FA7-BAD3-A28B8FAB1DC7}.Release|Any CPU.Build.0 = Release|Any CPU
		{1A1A4B3A-1D80-4B07-B704-39DFF814E310}.Debug|Any CPU.ActiveCfg = Debug|Any CPU
		{1A1A4B3A-1D80-4B07-B704-39DFF814E310}.Debug|Any CPU.Build.0 = Debug|Any CPU
		{1A1A4B3A-1D80-4B07-B704-39DFF814E310}.Release|Any CPU.ActiveCfg = Release|Any CPU
		{1A1A4B3A-1D80-4B07-B704-39DFF814E310}.Release|Any CPU.Build.0 = Release|Any CPU
		{71CD9BA7-0468-4FA7-BAD3-A28B8FAB1DC7}.Debug|Any CPU.ActiveCfg = Debug|Any CPU
		{71CD9BA7-0468-4FA7-BAD3-A28B8FAB1DC7}.Debug|Any CPU.Build.0 = Debug|Any CPU
		{71CD9BA7-0468-4FA7-BAD3-A28B8FAB1DC7}.Release|Any CPU.ActiveCfg = Release|Any CPU
		{71CD9BA7-0468-4FA7-BAD3-A28B8FAB1DC7}.Release|Any CPU.Build.0 = Release|Any CPU
		{4BCA54AA-BD36-4F2E-88BC-DE3A4736E097}.Debug|Any CPU.ActiveCfg = Debug|Any CPU
		{4BCA54AA-BD36-4F2E-88BC-DE3A4736E097}.Debug|Any CPU.Build.0 = Debug|Any CPU
		{4BCA54AA-BD36-4F2E-88BC-DE3A4736E097}.Release|Any CPU.ActiveCfg = Release|Any CPU
		{4BCA54AA-BD36-4F2E-88BC-DE3A4736E097}.Release|Any CPU.Build.0 = Release|Any CPU
		{D80341A3-DB9F-4FB0-8F6D-178C11EFAE8D}.Debug|Any CPU.ActiveCfg = Debug|Any CPU
		{D80341A3-DB9F-4FB0-8F6D-178C11EFAE8D}.Debug|Any CPU.Build.0 = Debug|Any CPU
		{D80341A3-DB9F-4FB0-8F6D-178C11EFAE8D}.Release|Any CPU.ActiveCfg = Release|Any CPU
		{D80341A3-DB9F-4FB0-8F6D-178C11EFAE8D}.Release|Any CPU.Build.0 = Release|Any CPU
		{F69FB10D-0FE2-475A-8AE1-13818D2ED4C6}.Debug|Any CPU.ActiveCfg = Debug|Any CPU
		{F69FB10D-0FE2-475A-8AE1-13818D2ED4C6}.Debug|Any CPU.Build.0 = Debug|Any CPU
		{F69FB10D-0FE2-475A-8AE1-13818D2ED4C6}.Release|Any CPU.ActiveCfg = Release|Any CPU
		{F69FB10D-0FE2-475A-8AE1-13818D2ED4C6}.Release|Any CPU.Build.0 = Release|Any CPU
		{7CC43FF9-3ADB-4705-882B-A0E1C11B5A85}.Debug|Any CPU.ActiveCfg = Debug|Any CPU
		{7CC43FF9-3ADB-4705-882B-A0E1C11B5A85}.Debug|Any CPU.Build.0 = Debug|Any CPU
		{7CC43FF9-3ADB-4705-882B-A0E1C11B5A85}.Release|Any CPU.ActiveCfg = Release|Any CPU
		{7CC43FF9-3ADB-4705-882B-A0E1C11B5A85}.Release|Any CPU.Build.0 = Release|Any CPU
	EndGlobalSection
	GlobalSection(SolutionProperties) = preSolution
		HideSolutionNode = FALSE
	EndGlobalSection
	GlobalSection(ExtensibilityGlobals) = postSolution
		SolutionGuid = {E5A2668D-A084-486F-AB38-225048F440F3}
	EndGlobalSection
EndGlobal
